
Microsoft Visual Studio Solution File, Format Version 12.00
Project("{FAE04EC0-301F-11D3-BF4B-00C04F79EFBC}") = "Amadeus.Bot", "Amadeus.Bot\Amadeus.Bot.csproj", "{DCC7DA9A-B6FE-40D9-A8D7-6D511AE3245B}"
EndProject
Project("{FAE04EC0-301F-11D3-BF4B-00C04F79EFBC}") = "Amadeus.Db", "Amadeus.Db\Amadeus.Db.csproj", "{0D21864E-1099-4E5A-BE4A-735E5EA2913F}"
EndProject
Project("{FAE04EC0-301F-11D3-BF4B-00C04F79EFBC}") = "Amadeus.Api", "Amadeus.Api\Amadeus.Api.csproj", "{EBCFDBE8-D95F-476C-90C9-8F0DDCBFF385}"
EndProject
Project("{FAE04EC0-301F-11D3-BF4B-00C04F79EFBC}") = "Amadeus.Tests", "Amadeus.Tests\Amadeus.Tests.csproj", "{9A00AC8F-DA61-44EF-BC39-337356F59B23}"
EndProject
Global
	GlobalSection(SolutionConfigurationPlatforms) = preSolution
		Debug|Any CPU = Debug|Any CPU
		Release|Any CPU = Release|Any CPU
	EndGlobalSection
	GlobalSection(ProjectConfigurationPlatforms) = postSolution
		{DCC7DA9A-B6FE-40D9-A8D7-6D511AE3245B}.Debug|Any CPU.ActiveCfg = Debug|Any CPU
		{DCC7DA9A-B6FE-40D9-A8D7-6D511AE3245B}.Debug|Any CPU.Build.0 = Debug|Any CPU
		{DCC7DA9A-B6FE-40D9-A8D7-6D511AE3245B}.Release|Any CPU.ActiveCfg = Release|Any CPU
		{DCC7DA9A-B6FE-40D9-A8D7-6D511AE3245B}.Release|Any CPU.Build.0 = Release|Any CPU
		{0D21864E-1099-4E5A-BE4A-735E5EA2913F}.Debug|Any CPU.ActiveCfg = Debug|Any CPU
		{0D21864E-1099-4E5A-BE4A-735E5EA2913F}.Debug|Any CPU.Build.0 = Debug|Any CPU
		{0D21864E-1099-4E5A-BE4A-735E5EA2913F}.Release|Any CPU.ActiveCfg = Release|Any CPU
		{0D21864E-1099-4E5A-BE4A-735E5EA2913F}.Release|Any CPU.Build.0 = Release|Any CPU
		{EBCFDBE8-D95F-476C-90C9-8F0DDCBFF385}.Debug|Any CPU.ActiveCfg = Debug|Any CPU
		{EBCFDBE8-D95F-476C-90C9-8F0DDCBFF385}.Debug|Any CPU.Build.0 = Debug|Any CPU
		{EBCFDBE8-D95F-476C-90C9-8F0DDCBFF385}.Release|Any CPU.ActiveCfg = Release|Any CPU
		{EBCFDBE8-D95F-476C-90C9-8F0DDCBFF385}.Release|Any CPU.Build.0 = Release|Any CPU
		{9A00AC8F-DA61-44EF-BC39-337356F59B23}.Debug|Any CPU.ActiveCfg = Debug|Any CPU
		{9A00AC8F-DA61-44EF-BC39-337356F59B23}.Debug|Any CPU.Build.0 = Debug|Any CPU
		{9A00AC8F-DA61-44EF-BC39-337356F59B23}.Release|Any CPU.ActiveCfg = Release|Any CPU
		{9A00AC8F-DA61-44EF-BC39-337356F59B23}.Release|Any CPU.Build.0 = Release|Any CPU
	EndGlobalSection
EndGlobal
